// !$*UTF8*$!
{
	archiveVersion = 1;
	classes = {
	};
	objectVersion = 46;
	objects = {

/* Begin PBXBuildFile section */
		965BA4A513E761E90061F429 /* Cocoa.framework in Frameworks */ = {isa = PBXBuildFile; fileRef = 965BA4A413E761E90061F429 /* Cocoa.framework */; };
		965BA4AF13E761E90061F429 /* InfoPlist.strings in Resources */ = {isa = PBXBuildFile; fileRef = 965BA4AD13E761E90061F429 /* InfoPlist.strings */; };
		965BA4B113E761E90061F429 /* main.m in Sources */ = {isa = PBXBuildFile; fileRef = 965BA4B013E761E90061F429 /* main.m */; };
		965BA4B513E761E90061F429 /* Credits.rtf in Resources */ = {isa = PBXBuildFile; fileRef = 965BA4B313E761E90061F429 /* Credits.rtf */; };
		965BA4B813E761E90061F429 /* HeaderDocGUIAppDelegate.m in Sources */ = {isa = PBXBuildFile; fileRef = 965BA4B713E761E90061F429 /* HeaderDocGUIAppDelegate.m */; };
		965BA4BB13E761E90061F429 /* MainMenu.xib in Resources */ = {isa = PBXBuildFile; fileRef = 965BA4B913E761E90061F429 /* MainMenu.xib */; };
/* End PBXBuildFile section */

/* Begin PBXFileReference section */
		965BA4A013E761E90061F429 /* HeaderDocGUI.app */ = {isa = PBXFileReference; explicitFileType = wrapper.application; includeInIndex = 0; path = HeaderDocGUI.app; sourceTree = BUILT_PRODUCTS_DIR; };
		965BA4A413E761E90061F429 /* Cocoa.framework */ = {isa = PBXFileReference; lastKnownFileType = wrapper.framework; name = Cocoa.framework; path = System/Library/Frameworks/Cocoa.framework; sourceTree = SDKROOT; };
		965BA4A713E761E90061F429 /* AppKit.framework */ = {isa = PBXFileReference; lastKnownFileType = wrapper.framework; name = AppKit.framework; path = System/Library/Frameworks/AppKit.framework; sourceTree = SDKROOT; };
		965BA4A813E761E90061F429 /* CoreData.framework */ = {isa = PBXFileReference; lastKnownFileType = wrapper.framework; name = CoreData.framework; path = System/Library/Frameworks/CoreData.framework; sourceTree = SDKROOT; };
		965BA4A913E761E90061F429 /* Foundation.framework */ = {isa = PBXFileReference; lastKnownFileType = wrapper.framework; name = Foundation.framework; path = System/Library/Frameworks/Foundation.framework; sourceTree = SDKROOT; };
		965BA4AC13E761E90061F429 /* HeaderDocGUI-Info.plist */ = {isa = PBXFileReference; path = "HeaderDocGUI-Info.plist"; sourceTree = "<group>"; };
		965BA4AE13E761E90061F429 /* en */ = {isa = PBXFileReference; lastKnownFileType = text.plist.strings; name = en; path = en.lproj/InfoPlist.strings; sourceTree = "<group>"; };
		965BA4B013E761E90061F429 /* main.m */ = {isa = PBXFileReference; lastKnownFileType = sourcecode.c.objc; path = main.m; sourceTree = "<group>"; };
		965BA4B213E761E90061F429 /* HeaderDocGUI-Prefix.pch */ = {isa = PBXFileReference; path = "HeaderDocGUI-Prefix.pch"; sourceTree = "<group>"; };
		965BA4B413E761E90061F429 /* en */ = {isa = PBXFileReference; lastKnownFileType = text.rtf; name = en; path = en.lproj/Credits.rtf; sourceTree = "<group>"; };
		965BA4B613E761E90061F429 /* HeaderDocGUIAppDelegate.h */ = {isa = PBXFileReference; path = HeaderDocGUIAppDelegate.h; sourceTree = "<group>"; };
		965BA4B713E761E90061F429 /* HeaderDocGUIAppDelegate.m */ = {isa = PBXFileReference; lastKnownFileType = sourcecode.c.objc; path = HeaderDocGUIAppDelegate.m; sourceTree = "<group>"; };
		965BA4BA13E761E90061F429 /* en */ = {isa = PBXFileReference; lastKnownFileType = file.xib; name = en; path = en.lproj/MainMenu.xib; sourceTree = "<group>"; };
/* End PBXFileReference section */

/* Begin PBXFrameworksBuildPhase section */
		965BA49D13E761E90061F429 /* Frameworks */ = {
			isa = PBXFrameworksBuildPhase;
			buildActionMask = 2147483647;
			files = (
				965BA4A513E761E90061F429 /* Cocoa.framework in Frameworks */,
			);
			runOnlyForDeploymentPostprocessing = 0;
		};
/* End PBXFrameworksBuildPhase section */

/* Begin PBXGroup section */
		965BA49513E761E90061F429 = {
			isa = PBXGroup;
			children = (
				965BA4AA13E761E90061F429 /* HeaderDocGUI */,
				965BA4A313E761E90061F429 /* Frameworks */,
				965BA4A113E761E90061F429 /* Products */,
			);
			sourceTree = "<group>";
		};
		965BA4A113E761E90061F429 /* Products */ = {
			isa = PBXGroup;
			children = (
				965BA4A013E761E90061F429 /* HeaderDocGUI.app */,
			);
			name = Products;
			sourceTree = "<group>";
		};
		965BA4A313E761E90061F429 /* Frameworks */ = {
			isa = PBXGroup;
			children = (
				965BA4A413E761E90061F429 /* Cocoa.framework */,
				965BA4A613E761E90061F429 /* Other Frameworks */,
			);
			name = Frameworks;
			sourceTree = "<group>";
		};
		965BA4A613E761E90061F429 /* Other Frameworks */ = {
			isa = PBXGroup;
			children = (
				965BA4A713E761E90061F429 /* AppKit.framework */,
				965BA4A813E761E90061F429 /* CoreData.framework */,
				965BA4A913E761E90061F429 /* Foundation.framework */,
			);
			name = "Other Frameworks";
			sourceTree = "<group>";
		};
		965BA4AA13E761E90061F429 /* HeaderDocGUI */ = {
			isa = PBXGroup;
			children = (
				965BA4B613E761E90061F429 /* HeaderDocGUIAppDelegate.h */,
				965BA4B713E761E90061F429 /* HeaderDocGUIAppDelegate.m */,
				965BA4B913E761E90061F429 /* MainMenu.xib */,
				965BA4AB13E761E90061F429 /* Supporting Files */,
			);
			path = HeaderDocGUI;
			sourceTree = "<group>";
		};
		965BA4AB13E761E90061F429 /* Supporting Files */ = {
			isa = PBXGroup;
			children = (
				965BA4AC13E761E90061F429 /* HeaderDocGUI-Info.plist */,
				965BA4AD13E761E90061F429 /* InfoPlist.strings */,
				965BA4B013E761E90061F429 /* main.m */,
				965BA4B213E761E90061F429 /* HeaderDocGUI-Prefix.pch */,
				965BA4B313E761E90061F429 /* Credits.rtf */,
			);
			name = "Supporting Files";
			sourceTree = "<group>";
		};
/* End PBXGroup section */

/* Begin PBXNativeTarget section */
		965BA49F13E761E90061F429 /* HeaderDocGUI */ = {
			isa = PBXNativeTarget;
			buildConfigurationList = 965BA4BE13E761E90061F429 /* Build configuration list for PBXNativeTarget "HeaderDocGUI" */;
			buildPhases = (
				965BA49C13E761E90061F429 /* Sources */,
				965BA49D13E761E90061F429 /* Frameworks */,
				965BA49E13E761E90061F429 /* Resources */,
			);
			buildRules = (
			);
			dependencies = (
			);
			name = HeaderDocGUI;
			productName = HeaderDocGUI;
			productReference = 965BA4A013E761E90061F429 /* HeaderDocGUI.app */;
			productType = "com.apple.product-type.application";
		};
/* End PBXNativeTarget section */

/* Begin PBXProject section */
		965BA49713E761E90061F429 /* Project object */ = {
			isa = PBXProject;
			attributes = {
				ORGANIZATIONNAME = MiddPoint;
			};
			buildConfigurationList = 965BA49A13E761E90061F429 /* Build configuration list for PBXProject "HeaderDocGUI" */;
			compatibilityVersion = "Xcode 3.2";
			developmentRegion = English;
			hasScannedForEncodings = 0;
			knownRegions = (
				en,
			);
			mainGroup = 965BA49513E761E90061F429;
			productRefGroup = 965BA4A113E761E90061F429 /* Products */;
			projectDirPath = "";
			projectRoot = "";
			targets = (
				965BA49F13E761E90061F429 /* HeaderDocGUI */,
			);
		};
/* End PBXProject section */

/* Begin PBXResourcesBuildPhase section */
		965BA49E13E761E90061F429 /* Resources */ = {
			isa = PBXResourcesBuildPhase;
			buildActionMask = 2147483647;
			files = (
				965BA4AF13E761E90061F429 /* InfoPlist.strings in Resources */,
				965BA4B513E761E90061F429 /* Credits.rtf in Resources */,
				965BA4BB13E761E90061F429 /* MainMenu.xib in Resources */,
			);
			runOnlyForDeploymentPostprocessing = 0;
		};
/* End PBXResourcesBuildPhase section */

/* Begin PBXSourcesBuildPhase section */
		965BA49C13E761E90061F429 /* Sources */ = {
			isa = PBXSourcesBuildPhase;
			buildActionMask = 2147483647;
			files = (
				965BA4B113E761E90061F429 /* main.m in Sources */,
				965BA4B813E761E90061F429 /* HeaderDocGUIAppDelegate.m in Sources */,
			);
			runOnlyForDeploymentPostprocessing = 0;
		};
/* End PBXSourcesBuildPhase section */

/* Begin PBXVariantGroup section */
		965BA4AD13E761E90061F429 /* InfoPlist.strings */ = {
			isa = PBXVariantGroup;
			children = (
				965BA4AE13E761E90061F429 /* en */,
			);
			name = InfoPlist.strings;
			sourceTree = "<group>";
		};
		965BA4B313E761E90061F429 /* Credits.rtf */ = {
			isa = PBXVariantGroup;
			children = (
				965BA4B413E761E90061F429 /* en */,
			);
			name = Credits.rtf;
			sourceTree = "<group>";
		};
		965BA4B913E761E90061F429 /* MainMenu.xib */ = {
			isa = PBXVariantGroup;
			children = (
				965BA4BA13E761E90061F429 /* en */,
			);
			name = MainMenu.xib;
			sourceTree = "<group>";
		};
/* End PBXVariantGroup section */

/* Begin XCBuildConfiguration section */
		965BA4BC13E761E90061F429 /* Debug */ = {
			isa = XCBuildConfiguration;
			buildSettings = {
				ALWAYS_SEARCH_USER_PATHS = NO;
				ARCHS = "$(ARCHS_STANDARD_64_BIT)";
				CLANG_ENABLE_OBJC_ARC = YES;
				COPY_PHASE_STRIP = NO;
				GCC_C_LANGUAGE_STANDARD = gnu99;
				GCC_DYNAMIC_NO_PIC = NO;
				GCC_ENABLE_OBJC_EXCEPTIONS = YES;
				GCC_OPTIMIZATION_LEVEL = 0;
				GCC_PREPROCESSOR_DEFINITIONS = (
					"DEBUG=1",
					"$(inherited)",
				);
				GCC_SYMBOLS_PRIVATE_EXTERN = NO;
				GCC_VERSION = com.apple.compilers.llvm.clang.1_0;
				GCC_WARN_64_TO_32_BIT_CONVERSION = YES;
				GCC_WARN_ABOUT_MISSING_PROTOTYPES = YES;
				GCC_WARN_ABOUT_RETURN_TYPE = YES;
				GCC_WARN_UNUSED_VARIABLE = YES;
				MACOSX_DEPLOYMENT_TARGET = 10.7;
				ONLY_ACTIVE_ARCH = YES;
				SDKROOT = macosx;
			};
			name = Debug;
		};
		965BA4BD13E761E90061F429 /* Release */ = {
			isa = XCBuildConfiguration;
			buildSettings = {
				ALWAYS_SEARCH_USER_PATHS = NO;
				ARCHS = "$(ARCHS_STANDARD_64_BIT)";
				CLANG_ENABLE_OBJC_ARC = YES;
				COPY_PHASE_STRIP = YES;
				DEBUG_INFORMATION_FORMAT = "dwarf-with-dsym";
				GCC_C_LANGUAGE_STANDARD = gnu99;
				GCC_ENABLE_OBJC_EXCEPTIONS = YES;
				GCC_VERSION = com.apple.compilers.llvm.clang.1_0;
				GCC_WARN_64_TO_32_BIT_CONVERSION = YES;
				GCC_WARN_ABOUT_MISSING_PROTOTYPES = YES;
				GCC_WARN_ABOUT_RETURN_TYPE = YES;
				GCC_WARN_UNUSED_VARIABLE = YES;
				MACOSX_DEPLOYMENT_TARGET = 10.7;
				SDKROOT = macosx;
			};
			name = Release;
		};
		965BA4BF13E761E90061F429 /* Debug */ = {
			isa = XCBuildConfiguration;
			buildSettings = {
				GCC_PRECOMPILE_PREFIX_HEADER = YES;
				GCC_PREFIX_HEADER = "HeaderDocGUI/HeaderDocGUI-Prefix.pch";
				INFOPLIST_FILE = "HeaderDocGUI/HeaderDocGUI-Info.plist";
				PRODUCT_NAME = "$(TARGET_NAME)";
				WRAPPER_EXTENSION = app;
			};
			name = Debug;
		};
		965BA4C013E761E90061F429 /* Release */ = {
			isa = XCBuildConfiguration;
			buildSettings = {
				GCC_PRECOMPILE_PREFIX_HEADER = YES;
				GCC_PREFIX_HEADER = "HeaderDocGUI/HeaderDocGUI-Prefix.pch";
				INFOPLIST_FILE = "HeaderDocGUI/HeaderDocGUI-Info.plist";
				PRODUCT_NAME = "$(TARGET_NAME)";
				WRAPPER_EXTENSION = app;
			};
			name = Release;
		};
/* End XCBuildConfiguration section */

/* Begin XCConfigurationList section */
		965BA49A13E761E90061F429 /* Build configuration list for PBXProject "HeaderDocGUI" */ = {
			isa = XCConfigurationList;
			buildConfigurations = (
				965BA4BC13E761E90061F429 /* Debug */,
				965BA4BD13E761E90061F429 /* Release */,
			);
			defaultConfigurationIsVisible = 0;
			defaultConfigurationName = Release;
		};
		965BA4BE13E761E90061F429 /* Build configuration list for PBXNativeTarget "HeaderDocGUI" */ = {
			isa = XCConfigurationList;
			buildConfigurations = (
				965BA4BF13E761E90061F429 /* Debug */,
				965BA4C013E761E90061F429 /* Release */,
			);
			defaultConfigurationIsVisible = 0;
		};
/* End XCConfigurationList section */
	};
	rootObject = 965BA49713E761E90061F429 /* Project object */;
}
